// !$*UTF8*$!
{
	archiveVersion = 1;
	classes = {
	};
	objectVersion = 54;
	objects = {

/* Begin PBXBuildFile section */
		0C80B921A6F3F58F76C31292 /* libPods-Healto.a in Frameworks */ = {isa = PBXBuildFile; fileRef = 5DCACB8F33CDC322A6C60F78 /* libPods-Healto.a */; };
		13B07FBF1A68108700A75B9A /* Images.xcassets in Resources */ = {isa = PBXBuildFile; fileRef = 13B07FB51A68108700A75B9A /* Images.xcassets */; };
		16E5088F27624A3CB4E10750 /* Poppins-Thin.ttf in Resources */ = {isa = PBXBuildFile; fileRef = 086248EEB579471385E54293 /* Poppins-Thin.ttf */; };
		17D98A2DF19147859F9AF8BE /* Poppins-LightItalic.ttf in Resources */ = {isa = PBXBuildFile; fileRef = 59E3E4D8B6BF4869B73F48E7 /* Poppins-LightItalic.ttf */; };
		260733BC28B243C793091FCF /* Poppins-Regular.ttf in Resources */ = {isa = PBXBuildFile; fileRef = 05D29CB21C87462F82049E18 /* Poppins-Regular.ttf */; };
		267AE895405C6850092855BF /* PrivacyInfo.xcprivacy in Resources */ = {isa = PBXBuildFile; fileRef = 13B07FB81A68108700A75B9A /* PrivacyInfo.xcprivacy */; };
		32F2D33E6D2F4F23AE0A2BA6 /* Poppins-Italic.ttf in Resources */ = {isa = PBXBuildFile; fileRef = 450C89F9021D4745B3002AD4 /* Poppins-Italic.ttf */; };
		333F337822B542129A1274B5 /* Poppins-Bold.ttf in Resources */ = {isa = PBXBuildFile; fileRef = C233D9A993DC4FF897D5DB8B /* Poppins-Bold.ttf */; };
		36BC32CBB3DC443FBEA911C1 /* Poppins-Light.ttf in Resources */ = {isa = PBXBuildFile; fileRef = EB8DF1FF02814FA7AEE1CE5C /* Poppins-Light.ttf */; };
		691B37AF88F14E649FB57C79 /* Poppins-BoldItalic.ttf in Resources */ = {isa = PBXBuildFile; fileRef = F6FF041F36E34AA09E524164 /* Poppins-BoldItalic.ttf */; };
		6FE0843D881A49D1BDCCCEA0 /* Poppins-ExtraBoldItalic.ttf in Resources */ = {isa = PBXBuildFile; fileRef = 5D3D7826BF4444038D417908 /* Poppins-ExtraBoldItalic.ttf */; };
		761780ED2CA45674006654EE /* AppDelegate.swift in Sources */ = {isa = PBXBuildFile; fileRef = 761780EC2CA45674006654EE /* AppDelegate.swift */; };
		81AB9BB82411601600AC10FF /* LaunchScreen.storyboard in Resources */ = {isa = PBXBuildFile; fileRef = 81AB9BB72411601600AC10FF /* LaunchScreen.storyboard */; };
		8482AE107E59404DA5E2B8C2 /* Poppins-ThinItalic.ttf in Resources */ = {isa = PBXBuildFile; fileRef = 638DD2A184FA41C7A7049B21 /* Poppins-ThinItalic.ttf */; };
		887D4D9D0A9A4D628DDEFC23 /* Poppins-BlackItalic.ttf in Resources */ = {isa = PBXBuildFile; fileRef = 859C7B9787854DBCB28BAC27 /* Poppins-BlackItalic.ttf */; };
		9A219D81D4EB46A196F9C5C3 /* Poppins-SemiBoldItalic.ttf in Resources */ = {isa = PBXBuildFile; fileRef = D50C91ADC0BC411484614774 /* Poppins-SemiBoldItalic.ttf */; };
		A01AD135BDA34B849B4B8B6E /* Poppins-MediumItalic.ttf in Resources */ = {isa = PBXBuildFile; fileRef = 3D3BE772FC0B4054B70299AD /* Poppins-MediumItalic.ttf */; };
		A48BF9C7510D4BCB9298A658 /* Poppins-Medium.ttf in Resources */ = {isa = PBXBuildFile; fileRef = 35C7D985C49243458B16BA8C /* Poppins-Medium.ttf */; };
		B56CD88D62134A80AA180047 /* Poppins-ExtraLight.ttf in Resources */ = {isa = PBXBuildFile; fileRef = 3913B1CADEB44112BE38FF31 /* Poppins-ExtraLight.ttf */; };
		C885162A99A14DF3B14D5F21 /* OFL.txt in Resources */ = {isa = PBXBuildFile; fileRef = 80EA79830B634D6DADB937B9 /* OFL.txt */; };
		C922D3ED3BCB4BA998BD5EEC /* Poppins-ExtraBold.ttf in Resources */ = {isa = PBXBuildFile; fileRef = ADEF3F3658C84881BC2C0B83 /* Poppins-ExtraBold.ttf */; };
		D0EBB78D064F4F0CB164289C /* Poppins-SemiBold.ttf in Resources */ = {isa = PBXBuildFile; fileRef = C943D160C0E84A8CAED11555 /* Poppins-SemiBold.ttf */; };
		E163BD065500413F867A9BD7 /* Poppins-ExtraLightItalic.ttf in Resources */ = {isa = PBXBuildFile; fileRef = B1250EDBA19D4E719D5288A5 /* Poppins-ExtraLightItalic.ttf */; };
		E4E04905BBD2413EBC0EDE62 /* Poppins-Black.ttf in Resources */ = {isa = PBXBuildFile; fileRef = C782D04743804F53838CFDA3 /* Poppins-Black.ttf */; };
		697BCD4AD03141A8A6D2B7BF /* AntDesign.ttf in Resources */ = {isa = PBXBuildFile; fileRef = FFD0A31F6E9946C486DB7FB6 /* AntDesign.ttf */; };
		3E683FF6326742C1B03BA1B8 /* Entypo.ttf in Resources */ = {isa = PBXBuildFile; fileRef = 7D62CC91BE6A46B3B046207C /* Entypo.ttf */; };
		3B0549C3CC66449B810A6054 /* EvilIcons.ttf in Resources */ = {isa = PBXBuildFile; fileRef = E6F4801EBDFB4B2F84189E52 /* EvilIcons.ttf */; };
		35B4973D96394C13ACACEF48 /* Feather.ttf in Resources */ = {isa = PBXBuildFile; fileRef = B950C9A349C043A5BDDD9749 /* Feather.ttf */; };
		1231EF8C2E5A469AA24D5370 /* FontAwesome.ttf in Resources */ = {isa = PBXBuildFile; fileRef = 895046EFD6114B7C9819F48D /* FontAwesome.ttf */; };
		F5FD9E05D5A3481FA8A1E692 /* FontAwesome5_Brands.ttf in Resources */ = {isa = PBXBuildFile; fileRef = 72B0F34AA3B648E3B4E3A627 /* FontAwesome5_Brands.ttf */; };
		BADAB6617B84457893322A6E /* FontAwesome5_Regular.ttf in Resources */ = {isa = PBXBuildFile; fileRef = 61454659A6444F958B7906D8 /* FontAwesome5_Regular.ttf */; };
		5C7BC9CC1F594EF1A68AC751 /* FontAwesome5_Solid.ttf in Resources */ = {isa = PBXBuildFile; fileRef = FE4221715AC94B9EAF06FEB4 /* FontAwesome5_Solid.ttf */; };
		A53E122AC59D4262812BDC7A /* FontAwesome6_Brands.ttf in Resources */ = {isa = PBXBuildFile; fileRef = 696026CFE35545F88D25854B /* FontAwesome6_Brands.ttf */; };
		4F1A14E268E845C6A0635A21 /* FontAwesome6_Regular.ttf in Resources */ = {isa = PBXBuildFile; fileRef = C6EA9401424A4E238FA271D6 /* FontAwesome6_Regular.ttf */; };
		A58925EC3E4A4FADBBDBB68A /* FontAwesome6_Solid.ttf in Resources */ = {isa = PBXBuildFile; fileRef = D5B858C312DC4E738FEF3F77 /* FontAwesome6_Solid.ttf */; };
		D9EDE31E717747EA9F10206F /* Fontisto.ttf in Resources */ = {isa = PBXBuildFile; fileRef = A8B29CB0863041BCA2B0B3D0 /* Fontisto.ttf */; };
		CCB3FDC7DC4447FB90C83023 /* Foundation.ttf in Resources */ = {isa = PBXBuildFile; fileRef = 6CB6FD08E01F4A7C86592DBD /* Foundation.ttf */; };
		5106AAF0A5FF45D6887EECD6 /* Ionicons.ttf in Resources */ = {isa = PBXBuildFile; fileRef = C9308A365E844DFEB06E7A12 /* Ionicons.ttf */; };
		D1AE7224CACA4D86B8919899 /* MaterialCommunityIcons.ttf in Resources */ = {isa = PBXBuildFile; fileRef = 08B9FBC929F8472CA76FB876 /* MaterialCommunityIcons.ttf */; };
		D17F7457ED4F4DEFA07950C8 /* MaterialIcons.ttf in Resources */ = {isa = PBXBuildFile; fileRef = CD34D955555F49B9A21B8417 /* MaterialIcons.ttf */; };
		9591D5E035FA4B519A4F69A9 /* Octicons.ttf in Resources */ = {isa = PBXBuildFile; fileRef = FDD872F843B24F1E8507F3E1 /* Octicons.ttf */; };
		81477C6906964B3AB2CC7882 /* SimpleLineIcons.ttf in Resources */ = {isa = PBXBuildFile; fileRef = 878A2B25D8234DC68AEC4663 /* SimpleLineIcons.ttf */; };
		1A0F5C38AE1142DBB61B11C3 /* Zocial.ttf in Resources */ = {isa = PBXBuildFile; fileRef = 3FFB1F545DFA45178FCD82A8 /* Zocial.ttf */; };
/* End PBXBuildFile section */

/* Begin PBXFileReference section */
		05D29CB21C87462F82049E18 /* Poppins-Regular.ttf */ = {isa = PBXFileReference; explicitFileType = undefined; fileEncoding = undefined; includeInIndex = 0; lastKnownFileType = unknown; name = "Poppins-Regular.ttf"; path = "../src/Assets/Fonts/Poppins-Regular.ttf"; sourceTree = "<group>"; };
		086248EEB579471385E54293 /* Poppins-Thin.ttf */ = {isa = PBXFileReference; explicitFileType = undefined; fileEncoding = undefined; includeInIndex = 0; lastKnownFileType = unknown; name = "Poppins-Thin.ttf"; path = "../src/Assets/Fonts/Poppins-Thin.ttf"; sourceTree = "<group>"; };
		13B07F961A680F5B00A75B9A /* Healto.app */ = {isa = PBXFileReference; explicitFileType = wrapper.application; includeInIndex = 0; path = Healto.app; sourceTree = BUILT_PRODUCTS_DIR; };
		13B07FB51A68108700A75B9A /* Images.xcassets */ = {isa = PBXFileReference; lastKnownFileType = folder.assetcatalog; name = Images.xcassets; path = Healto/Images.xcassets; sourceTree = "<group>"; };
		13B07FB61A68108700A75B9A /* Info.plist */ = {isa = PBXFileReference; fileEncoding = 4; lastKnownFileType = text.plist.xml; name = Info.plist; path = Healto/Info.plist; sourceTree = "<group>"; };
		13B07FB81A68108700A75B9A /* PrivacyInfo.xcprivacy */ = {isa = PBXFileReference; fileEncoding = 4; lastKnownFileType = text.plist.xml; name = PrivacyInfo.xcprivacy; path = Healto/PrivacyInfo.xcprivacy; sourceTree = "<group>"; };
		35C7D985C49243458B16BA8C /* Poppins-Medium.ttf */ = {isa = PBXFileReference; explicitFileType = undefined; fileEncoding = undefined; includeInIndex = 0; lastKnownFileType = unknown; name = "Poppins-Medium.ttf"; path = "../src/Assets/Fonts/Poppins-Medium.ttf"; sourceTree = "<group>"; };
		3913B1CADEB44112BE38FF31 /* Poppins-ExtraLight.ttf */ = {isa = PBXFileReference; explicitFileType = undefined; fileEncoding = undefined; includeInIndex = 0; lastKnownFileType = unknown; name = "Poppins-ExtraLight.ttf"; path = "../src/Assets/Fonts/Poppins-ExtraLight.ttf"; sourceTree = "<group>"; };
		3B4392A12AC88292D35C810B /* Pods-Healto.debug.xcconfig */ = {isa = PBXFileReference; includeInIndex = 1; lastKnownFileType = text.xcconfig; name = "Pods-Healto.debug.xcconfig"; path = "Target Support Files/Pods-Healto/Pods-Healto.debug.xcconfig"; sourceTree = "<group>"; };
		3D3BE772FC0B4054B70299AD /* Poppins-MediumItalic.ttf */ = {isa = PBXFileReference; explicitFileType = undefined; fileEncoding = undefined; includeInIndex = 0; lastKnownFileType = unknown; name = "Poppins-MediumItalic.ttf"; path = "../src/Assets/Fonts/Poppins-MediumItalic.ttf"; sourceTree = "<group>"; };
		450C89F9021D4745B3002AD4 /* Poppins-Italic.ttf */ = {isa = PBXFileReference; explicitFileType = undefined; fileEncoding = undefined; includeInIndex = 0; lastKnownFileType = unknown; name = "Poppins-Italic.ttf"; path = "../src/Assets/Fonts/Poppins-Italic.ttf"; sourceTree = "<group>"; };
		5709B34CF0A7D63546082F79 /* Pods-Healto.release.xcconfig */ = {isa = PBXFileReference; includeInIndex = 1; lastKnownFileType = text.xcconfig; name = "Pods-Healto.release.xcconfig"; path = "Target Support Files/Pods-Healto/Pods-Healto.release.xcconfig"; sourceTree = "<group>"; };
		59E3E4D8B6BF4869B73F48E7 /* Poppins-LightItalic.ttf */ = {isa = PBXFileReference; explicitFileType = undefined; fileEncoding = undefined; includeInIndex = 0; lastKnownFileType = unknown; name = "Poppins-LightItalic.ttf"; path = "../src/Assets/Fonts/Poppins-LightItalic.ttf"; sourceTree = "<group>"; };
		5D3D7826BF4444038D417908 /* Poppins-ExtraBoldItalic.ttf */ = {isa = PBXFileReference; explicitFileType = undefined; fileEncoding = undefined; includeInIndex = 0; lastKnownFileType = unknown; name = "Poppins-ExtraBoldItalic.ttf"; path = "../src/Assets/Fonts/Poppins-ExtraBoldItalic.ttf"; sourceTree = "<group>"; };
		5DCACB8F33CDC322A6C60F78 /* libPods-Healto.a */ = {isa = PBXFileReference; explicitFileType = archive.ar; includeInIndex = 0; path = "libPods-Healto.a"; sourceTree = BUILT_PRODUCTS_DIR; };
		638DD2A184FA41C7A7049B21 /* Poppins-ThinItalic.ttf */ = {isa = PBXFileReference; explicitFileType = undefined; fileEncoding = undefined; includeInIndex = 0; lastKnownFileType = unknown; name = "Poppins-ThinItalic.ttf"; path = "../src/Assets/Fonts/Poppins-ThinItalic.ttf"; sourceTree = "<group>"; };
		761780EC2CA45674006654EE /* AppDelegate.swift */ = {isa = PBXFileReference; lastKnownFileType = sourcecode.swift; name = AppDelegate.swift; path = Healto/AppDelegate.swift; sourceTree = "<group>"; };
		80EA79830B634D6DADB937B9 /* OFL.txt */ = {isa = PBXFileReference; explicitFileType = undefined; fileEncoding = undefined; includeInIndex = 0; lastKnownFileType = unknown; name = OFL.txt; path = ../src/Assets/Fonts/OFL.txt; sourceTree = "<group>"; };
		81AB9BB72411601600AC10FF /* LaunchScreen.storyboard */ = {isa = PBXFileReference; fileEncoding = 4; lastKnownFileType = file.storyboard; name = LaunchScreen.storyboard; path = Healto/LaunchScreen.storyboard; sourceTree = "<group>"; };
		859C7B9787854DBCB28BAC27 /* Poppins-BlackItalic.ttf */ = {isa = PBXFileReference; explicitFileType = undefined; fileEncoding = undefined; includeInIndex = 0; lastKnownFileType = unknown; name = "Poppins-BlackItalic.ttf"; path = "../src/Assets/Fonts/Poppins-BlackItalic.ttf"; sourceTree = "<group>"; };
		ADEF3F3658C84881BC2C0B83 /* Poppins-ExtraBold.ttf */ = {isa = PBXFileReference; explicitFileType = undefined; fileEncoding = undefined; includeInIndex = 0; lastKnownFileType = unknown; name = "Poppins-ExtraBold.ttf"; path = "../src/Assets/Fonts/Poppins-ExtraBold.ttf"; sourceTree = "<group>"; };
		B1250EDBA19D4E719D5288A5 /* Poppins-ExtraLightItalic.ttf */ = {isa = PBXFileReference; explicitFileType = undefined; fileEncoding = undefined; includeInIndex = 0; lastKnownFileType = unknown; name = "Poppins-ExtraLightItalic.ttf"; path = "../src/Assets/Fonts/Poppins-ExtraLightItalic.ttf"; sourceTree = "<group>"; };
		C233D9A993DC4FF897D5DB8B /* Poppins-Bold.ttf */ = {isa = PBXFileReference; explicitFileType = undefined; fileEncoding = undefined; includeInIndex = 0; lastKnownFileType = unknown; name = "Poppins-Bold.ttf"; path = "../src/Assets/Fonts/Poppins-Bold.ttf"; sourceTree = "<group>"; };
		C782D04743804F53838CFDA3 /* Poppins-Black.ttf */ = {isa = PBXFileReference; explicitFileType = undefined; fileEncoding = undefined; includeInIndex = 0; lastKnownFileType = unknown; name = "Poppins-Black.ttf"; path = "../src/Assets/Fonts/Poppins-Black.ttf"; sourceTree = "<group>"; };
		C943D160C0E84A8CAED11555 /* Poppins-SemiBold.ttf */ = {isa = PBXFileReference; explicitFileType = undefined; fileEncoding = undefined; includeInIndex = 0; lastKnownFileType = unknown; name = "Poppins-SemiBold.ttf"; path = "../src/Assets/Fonts/Poppins-SemiBold.ttf"; sourceTree = "<group>"; };
		D50C91ADC0BC411484614774 /* Poppins-SemiBoldItalic.ttf */ = {isa = PBXFileReference; explicitFileType = undefined; fileEncoding = undefined; includeInIndex = 0; lastKnownFileType = unknown; name = "Poppins-SemiBoldItalic.ttf"; path = "../src/Assets/Fonts/Poppins-SemiBoldItalic.ttf"; sourceTree = "<group>"; };
		EB8DF1FF02814FA7AEE1CE5C /* Poppins-Light.ttf */ = {isa = PBXFileReference; explicitFileType = undefined; fileEncoding = undefined; includeInIndex = 0; lastKnownFileType = unknown; name = "Poppins-Light.ttf"; path = "../src/Assets/Fonts/Poppins-Light.ttf"; sourceTree = "<group>"; };
		ED297162215061F000B7C4FE /* JavaScriptCore.framework */ = {isa = PBXFileReference; lastKnownFileType = wrapper.framework; name = JavaScriptCore.framework; path = System/Library/Frameworks/JavaScriptCore.framework; sourceTree = SDKROOT; };
		F6FF041F36E34AA09E524164 /* Poppins-BoldItalic.ttf */ = {isa = PBXFileReference; explicitFileType = undefined; fileEncoding = undefined; includeInIndex = 0; lastKnownFileType = unknown; name = "Poppins-BoldItalic.ttf"; path = "../src/Assets/Fonts/Poppins-BoldItalic.ttf"; sourceTree = "<group>"; };
		FFD0A31F6E9946C486DB7FB6 /* AntDesign.ttf */ = {isa = PBXFileReference; name = "AntDesign.ttf"; path = "../node_modules/react-native-vector-icons/Fonts/AntDesign.ttf"; sourceTree = "<group>"; fileEncoding = undefined; lastKnownFileType = unknown; explicitFileType = undefined; includeInIndex = 0; };
		7D62CC91BE6A46B3B046207C /* Entypo.ttf */ = {isa = PBXFileReference; name = "Entypo.ttf"; path = "../node_modules/react-native-vector-icons/Fonts/Entypo.ttf"; sourceTree = "<group>"; fileEncoding = undefined; lastKnownFileType = unknown; explicitFileType = undefined; includeInIndex = 0; };
		E6F4801EBDFB4B2F84189E52 /* EvilIcons.ttf */ = {isa = PBXFileReference; name = "EvilIcons.ttf"; path = "../node_modules/react-native-vector-icons/Fonts/EvilIcons.ttf"; sourceTree = "<group>"; fileEncoding = undefined; lastKnownFileType = unknown; explicitFileType = undefined; includeInIndex = 0; };
		B950C9A349C043A5BDDD9749 /* Feather.ttf */ = {isa = PBXFileReference; name = "Feather.ttf"; path = "../node_modules/react-native-vector-icons/Fonts/Feather.ttf"; sourceTree = "<group>"; fileEncoding = undefined; lastKnownFileType = unknown; explicitFileType = undefined; includeInIndex = 0; };
		895046EFD6114B7C9819F48D /* FontAwesome.ttf */ = {isa = PBXFileReference; name = "FontAwesome.ttf"; path = "../node_modules/react-native-vector-icons/Fonts/FontAwesome.ttf"; sourceTree = "<group>"; fileEncoding = undefined; lastKnownFileType = unknown; explicitFileType = undefined; includeInIndex = 0; };
		72B0F34AA3B648E3B4E3A627 /* FontAwesome5_Brands.ttf */ = {isa = PBXFileReference; name = "FontAwesome5_Brands.ttf"; path = "../node_modules/react-native-vector-icons/Fonts/FontAwesome5_Brands.ttf"; sourceTree = "<group>"; fileEncoding = undefined; lastKnownFileType = unknown; explicitFileType = undefined; includeInIndex = 0; };
		61454659A6444F958B7906D8 /* FontAwesome5_Regular.ttf */ = {isa = PBXFileReference; name = "FontAwesome5_Regular.ttf"; path = "../node_modules/react-native-vector-icons/Fonts/FontAwesome5_Regular.ttf"; sourceTree = "<group>"; fileEncoding = undefined; lastKnownFileType = unknown; explicitFileType = undefined; includeInIndex = 0; };
		FE4221715AC94B9EAF06FEB4 /* FontAwesome5_Solid.ttf */ = {isa = PBXFileReference; name = "FontAwesome5_Solid.ttf"; path = "../node_modules/react-native-vector-icons/Fonts/FontAwesome5_Solid.ttf"; sourceTree = "<group>"; fileEncoding = undefined; lastKnownFileType = unknown; explicitFileType = undefined; includeInIndex = 0; };
		696026CFE35545F88D25854B /* FontAwesome6_Brands.ttf */ = {isa = PBXFileReference; name = "FontAwesome6_Brands.ttf"; path = "../node_modules/react-native-vector-icons/Fonts/FontAwesome6_Brands.ttf"; sourceTree = "<group>"; fileEncoding = undefined; lastKnownFileType = unknown; explicitFileType = undefined; includeInIndex = 0; };
		C6EA9401424A4E238FA271D6 /* FontAwesome6_Regular.ttf */ = {isa = PBXFileReference; name = "FontAwesome6_Regular.ttf"; path = "../node_modules/react-native-vector-icons/Fonts/FontAwesome6_Regular.ttf"; sourceTree = "<group>"; fileEncoding = undefined; lastKnownFileType = unknown; explicitFileType = undefined; includeInIndex = 0; };
		D5B858C312DC4E738FEF3F77 /* FontAwesome6_Solid.ttf */ = {isa = PBXFileReference; name = "FontAwesome6_Solid.ttf"; path = "../node_modules/react-native-vector-icons/Fonts/FontAwesome6_Solid.ttf"; sourceTree = "<group>"; fileEncoding = undefined; lastKnownFileType = unknown; explicitFileType = undefined; includeInIndex = 0; };
		A8B29CB0863041BCA2B0B3D0 /* Fontisto.ttf */ = {isa = PBXFileReference; name = "Fontisto.ttf"; path = "../node_modules/react-native-vector-icons/Fonts/Fontisto.ttf"; sourceTree = "<group>"; fileEncoding = undefined; lastKnownFileType = unknown; explicitFileType = undefined; includeInIndex = 0; };
		6CB6FD08E01F4A7C86592DBD /* Foundation.ttf */ = {isa = PBXFileReference; name = "Foundation.ttf"; path = "../node_modules/react-native-vector-icons/Fonts/Foundation.ttf"; sourceTree = "<group>"; fileEncoding = undefined; lastKnownFileType = unknown; explicitFileType = undefined; includeInIndex = 0; };
		C9308A365E844DFEB06E7A12 /* Ionicons.ttf */ = {isa = PBXFileReference; name = "Ionicons.ttf"; path = "../node_modules/react-native-vector-icons/Fonts/Ionicons.ttf"; sourceTree = "<group>"; fileEncoding = undefined; lastKnownFileType = unknown; explicitFileType = undefined; includeInIndex = 0; };
		08B9FBC929F8472CA76FB876 /* MaterialCommunityIcons.ttf */ = {isa = PBXFileReference; name = "MaterialCommunityIcons.ttf"; path = "../node_modules/react-native-vector-icons/Fonts/MaterialCommunityIcons.ttf"; sourceTree = "<group>"; fileEncoding = undefined; lastKnownFileType = unknown; explicitFileType = undefined; includeInIndex = 0; };
		CD34D955555F49B9A21B8417 /* MaterialIcons.ttf */ = {isa = PBXFileReference; name = "MaterialIcons.ttf"; path = "../node_modules/react-native-vector-icons/Fonts/MaterialIcons.ttf"; sourceTree = "<group>"; fileEncoding = undefined; lastKnownFileType = unknown; explicitFileType = undefined; includeInIndex = 0; };
		FDD872F843B24F1E8507F3E1 /* Octicons.ttf */ = {isa = PBXFileReference; name = "Octicons.ttf"; path = "../node_modules/react-native-vector-icons/Fonts/Octicons.ttf"; sourceTree = "<group>"; fileEncoding = undefined; lastKnownFileType = unknown; explicitFileType = undefined; includeInIndex = 0; };
		878A2B25D8234DC68AEC4663 /* SimpleLineIcons.ttf */ = {isa = PBXFileReference; name = "SimpleLineIcons.ttf"; path = "../node_modules/react-native-vector-icons/Fonts/SimpleLineIcons.ttf"; sourceTree = "<group>"; fileEncoding = undefined; lastKnownFileType = unknown; explicitFileType = undefined; includeInIndex = 0; };
		3FFB1F545DFA45178FCD82A8 /* Zocial.ttf */ = {isa = PBXFileReference; name = "Zocial.ttf"; path = "../node_modules/react-native-vector-icons/Fonts/Zocial.ttf"; sourceTree = "<group>"; fileEncoding = undefined; lastKnownFileType = unknown; explicitFileType = undefined; includeInIndex = 0; };
/* End PBXFileReference section */

/* Begin PBXFrameworksBuildPhase section */
		13B07F8C1A680F5B00A75B9A /* Frameworks */ = {
			isa = PBXFrameworksBuildPhase;
			buildActionMask = 2147483647;
			files = (
				0C80B921A6F3F58F76C31292 /* libPods-Healto.a in Frameworks */,
			);
			runOnlyForDeploymentPostprocessing = 0;
		};
/* End PBXFrameworksBuildPhase section */

/* Begin PBXGroup section */
		13B07FAE1A68108700A75B9A /* Healto */ = {
			isa = PBXGroup;
			children = (
				13B07FB51A68108700A75B9A /* Images.xcassets */,
				761780EC2CA45674006654EE /* AppDelegate.swift */,
				13B07FB61A68108700A75B9A /* Info.plist */,
				81AB9BB72411601600AC10FF /* LaunchScreen.storyboard */,
				13B07FB81A68108700A75B9A /* PrivacyInfo.xcprivacy */,
			);
			name = Healto;
			sourceTree = "<group>";
		};
		2D16E6871FA4F8E400B85C8A /* Frameworks */ = {
			isa = PBXGroup;
			children = (
				ED297162215061F000B7C4FE /* JavaScriptCore.framework */,
				5DCACB8F33CDC322A6C60F78 /* libPods-Healto.a */,
			);
			name = Frameworks;
			sourceTree = "<group>";
		};
		832341AE1AAA6A7D00B99B32 /* Libraries */ = {
			isa = PBXGroup;
			children = (
			);
			name = Libraries;
			sourceTree = "<group>";
		};
		83CBB9F61A601CBA00E9B192 = {
			isa = PBXGroup;
			children = (
				13B07FAE1A68108700A75B9A /* Healto */,
				832341AE1AAA6A7D00B99B32 /* Libraries */,
				83CBBA001A601CBA00E9B192 /* Products */,
				2D16E6871FA4F8E400B85C8A /* Frameworks */,
				BBD78D7AC51CEA395F1C20DB /* Pods */,
				FA20CDE3E8294267857FE8BE /* Resources */,
			);
			indentWidth = 2;
			sourceTree = "<group>";
			tabWidth = 2;
			usesTabs = 0;
		};
		83CBBA001A601CBA00E9B192 /* Products */ = {
			isa = PBXGroup;
			children = (
				13B07F961A680F5B00A75B9A /* Healto.app */,
			);
			name = Products;
			sourceTree = "<group>";
		};
		BBD78D7AC51CEA395F1C20DB /* Pods */ = {
			isa = PBXGroup;
			children = (
				3B4392A12AC88292D35C810B /* Pods-Healto.debug.xcconfig */,
				5709B34CF0A7D63546082F79 /* Pods-Healto.release.xcconfig */,
			);
			path = Pods;
			sourceTree = "<group>";
		};
		FA20CDE3E8294267857FE8BE /* Resources */ = {
			isa = PBXGroup;
			children = (
				C782D04743804F53838CFDA3 /* Poppins-Black.ttf */,
				859C7B9787854DBCB28BAC27 /* Poppins-BlackItalic.ttf */,
				C233D9A993DC4FF897D5DB8B /* Poppins-Bold.ttf */,
				F6FF041F36E34AA09E524164 /* Poppins-BoldItalic.ttf */,
				ADEF3F3658C84881BC2C0B83 /* Poppins-ExtraBold.ttf */,
				5D3D7826BF4444038D417908 /* Poppins-ExtraBoldItalic.ttf */,
				3913B1CADEB44112BE38FF31 /* Poppins-ExtraLight.ttf */,
				B1250EDBA19D4E719D5288A5 /* Poppins-ExtraLightItalic.ttf */,
				450C89F9021D4745B3002AD4 /* Poppins-Italic.ttf */,
				EB8DF1FF02814FA7AEE1CE5C /* Poppins-Light.ttf */,
				59E3E4D8B6BF4869B73F48E7 /* Poppins-LightItalic.ttf */,
				35C7D985C49243458B16BA8C /* Poppins-Medium.ttf */,
				3D3BE772FC0B4054B70299AD /* Poppins-MediumItalic.ttf */,
				05D29CB21C87462F82049E18 /* Poppins-Regular.ttf */,
				C943D160C0E84A8CAED11555 /* Poppins-SemiBold.ttf */,
				D50C91ADC0BC411484614774 /* Poppins-SemiBoldItalic.ttf */,
				086248EEB579471385E54293 /* Poppins-Thin.ttf */,
				638DD2A184FA41C7A7049B21 /* Poppins-ThinItalic.ttf */,
				80EA79830B634D6DADB937B9 /* OFL.txt */,
				FFD0A31F6E9946C486DB7FB6 /* AntDesign.ttf */,
				7D62CC91BE6A46B3B046207C /* Entypo.ttf */,
				E6F4801EBDFB4B2F84189E52 /* EvilIcons.ttf */,
				B950C9A349C043A5BDDD9749 /* Feather.ttf */,
				895046EFD6114B7C9819F48D /* FontAwesome.ttf */,
				72B0F34AA3B648E3B4E3A627 /* FontAwesome5_Brands.ttf */,
				61454659A6444F958B7906D8 /* FontAwesome5_Regular.ttf */,
				FE4221715AC94B9EAF06FEB4 /* FontAwesome5_Solid.ttf */,
				696026CFE35545F88D25854B /* FontAwesome6_Brands.ttf */,
				C6EA9401424A4E238FA271D6 /* FontAwesome6_Regular.ttf */,
				D5B858C312DC4E738FEF3F77 /* FontAwesome6_Solid.ttf */,
				A8B29CB0863041BCA2B0B3D0 /* Fontisto.ttf */,
				6CB6FD08E01F4A7C86592DBD /* Foundation.ttf */,
				C9308A365E844DFEB06E7A12 /* Ionicons.ttf */,
				08B9FBC929F8472CA76FB876 /* MaterialCommunityIcons.ttf */,
				CD34D955555F49B9A21B8417 /* MaterialIcons.ttf */,
				FDD872F843B24F1E8507F3E1 /* Octicons.ttf */,
				878A2B25D8234DC68AEC4663 /* SimpleLineIcons.ttf */,
				3FFB1F545DFA45178FCD82A8 /* Zocial.ttf */,
			);
			name = Resources;
			path = "";
			sourceTree = "<group>";
		};
/* End PBXGroup section */

/* Begin PBXNativeTarget section */
		13B07F861A680F5B00A75B9A /* Healto */ = {
			isa = PBXNativeTarget;
			buildConfigurationList = 13B07F931A680F5B00A75B9A /* Build configuration list for PBXNativeTarget "Healto" */;
			buildPhases = (
				C38B50BA6285516D6DCD4F65 /* [CP] Check Pods Manifest.lock */,
				13B07F871A680F5B00A75B9A /* Sources */,
				13B07F8C1A680F5B00A75B9A /* Frameworks */,
				13B07F8E1A680F5B00A75B9A /* Resources */,
				00DD1BFF1BD5951E006B06BC /* Bundle React Native code and images */,
				00EEFC60759A1932668264C0 /* [CP] Embed Pods Frameworks */,
				E235C05ADACE081382539298 /* [CP] Copy Pods Resources */,
			);
			buildRules = (
			);
			dependencies = (
			);
			name = Healto;
			productName = Healto;
			productReference = 13B07F961A680F5B00A75B9A /* Healto.app */;
			productType = "com.apple.product-type.application";
		};
/* End PBXNativeTarget section */

/* Begin PBXProject section */
		83CBB9F71A601CBA00E9B192 /* Project object */ = {
			isa = PBXProject;
			attributes = {
				LastUpgradeCheck = 1210;
				TargetAttributes = {
					13B07F861A680F5B00A75B9A = {
						LastSwiftMigration = 1120;
					};
				};
			};
			buildConfigurationList = 83CBB9FA1A601CBA00E9B192 /* Build configuration list for PBXProject "Healto" */;
			compatibilityVersion = "Xcode 12.0";
			developmentRegion = en;
			hasScannedForEncodings = 0;
			knownRegions = (
				en,
				Base,
			);
			mainGroup = 83CBB9F61A601CBA00E9B192;
			productRefGroup = 83CBBA001A601CBA00E9B192 /* Products */;
			projectDirPath = "";
			projectRoot = "";
			targets = (
				13B07F861A680F5B00A75B9A /* Healto */,
			);
		};
/* End PBXProject section */

/* Begin PBXResourcesBuildPhase section */
		13B07F8E1A680F5B00A75B9A /* Resources */ = {
			isa = PBXResourcesBuildPhase;
			buildActionMask = 2147483647;
			files = (
				81AB9BB82411601600AC10FF /* LaunchScreen.storyboard in Resources */,
				13B07FBF1A68108700A75B9A /* Images.xcassets in Resources */,
				267AE895405C6850092855BF /* PrivacyInfo.xcprivacy in Resources */,
				E4E04905BBD2413EBC0EDE62 /* Poppins-Black.ttf in Resources */,
				887D4D9D0A9A4D628DDEFC23 /* Poppins-BlackItalic.ttf in Resources */,
				333F337822B542129A1274B5 /* Poppins-Bold.ttf in Resources */,
				691B37AF88F14E649FB57C79 /* Poppins-BoldItalic.ttf in Resources */,
				C922D3ED3BCB4BA998BD5EEC /* Poppins-ExtraBold.ttf in Resources */,
				6FE0843D881A49D1BDCCCEA0 /* Poppins-ExtraBoldItalic.ttf in Resources */,
				B56CD88D62134A80AA180047 /* Poppins-ExtraLight.ttf in Resources */,
				E163BD065500413F867A9BD7 /* Poppins-ExtraLightItalic.ttf in Resources */,
				32F2D33E6D2F4F23AE0A2BA6 /* Poppins-Italic.ttf in Resources */,
				36BC32CBB3DC443FBEA911C1 /* Poppins-Light.ttf in Resources */,
				17D98A2DF19147859F9AF8BE /* Poppins-LightItalic.ttf in Resources */,
				A48BF9C7510D4BCB9298A658 /* Poppins-Medium.ttf in Resources */,
				A01AD135BDA34B849B4B8B6E /* Poppins-MediumItalic.ttf in Resources */,
				260733BC28B243C793091FCF /* Poppins-Regular.ttf in Resources */,
				D0EBB78D064F4F0CB164289C /* Poppins-SemiBold.ttf in Resources */,
				9A219D81D4EB46A196F9C5C3 /* Poppins-SemiBoldItalic.ttf in Resources */,
				16E5088F27624A3CB4E10750 /* Poppins-Thin.ttf in Resources */,
				8482AE107E59404DA5E2B8C2 /* Poppins-ThinItalic.ttf in Resources */,
				C885162A99A14DF3B14D5F21 /* OFL.txt in Resources */,
				697BCD4AD03141A8A6D2B7BF /* AntDesign.ttf in Resources */,
				3E683FF6326742C1B03BA1B8 /* Entypo.ttf in Resources */,
				3B0549C3CC66449B810A6054 /* EvilIcons.ttf in Resources */,
				35B4973D96394C13ACACEF48 /* Feather.ttf in Resources */,
				1231EF8C2E5A469AA24D5370 /* FontAwesome.ttf in Resources */,
				F5FD9E05D5A3481FA8A1E692 /* FontAwesome5_Brands.ttf in Resources */,
				BADAB6617B84457893322A6E /* FontAwesome5_Regular.ttf in Resources */,
				5C7BC9CC1F594EF1A68AC751 /* FontAwesome5_Solid.ttf in Resources */,
				A53E122AC59D4262812BDC7A /* FontAwesome6_Brands.ttf in Resources */,
				4F1A14E268E845C6A0635A21 /* FontAwesome6_Regular.ttf in Resources */,
				A58925EC3E4A4FADBBDBB68A /* FontAwesome6_Solid.ttf in Resources */,
				D9EDE31E717747EA9F10206F /* Fontisto.ttf in Resources */,
				CCB3FDC7DC4447FB90C83023 /* Foundation.ttf in Resources */,
				5106AAF0A5FF45D6887EECD6 /* Ionicons.ttf in Resources */,
				D1AE7224CACA4D86B8919899 /* MaterialCommunityIcons.ttf in Resources */,
				D17F7457ED4F4DEFA07950C8 /* MaterialIcons.ttf in Resources */,
				9591D5E035FA4B519A4F69A9 /* Octicons.ttf in Resources */,
				81477C6906964B3AB2CC7882 /* SimpleLineIcons.ttf in Resources */,
				1A0F5C38AE1142DBB61B11C3 /* Zocial.ttf in Resources */,
			);
			runOnlyForDeploymentPostprocessing = 0;
		};
/* End PBXResourcesBuildPhase section */

/* Begin PBXShellScriptBuildPhase section */
		00DD1BFF1BD5951E006B06BC /* Bundle React Native code and images */ = {
			isa = PBXShellScriptBuildPhase;
			buildActionMask = 2147483647;
			files = (
			);
			inputPaths = (
				"$(SRCROOT)/.xcode.env.local",
				"$(SRCROOT)/.xcode.env",
			);
			name = "Bundle React Native code and images";
			outputPaths = (
			);
			runOnlyForDeploymentPostprocessing = 0;
			shellPath = /bin/sh;
			shellScript = "set -e\n\nWITH_ENVIRONMENT=\"$REACT_NATIVE_PATH/scripts/xcode/with-environment.sh\"\nREACT_NATIVE_XCODE=\"$REACT_NATIVE_PATH/scripts/react-native-xcode.sh\"\n\n/bin/sh -c \"$WITH_ENVIRONMENT $REACT_NATIVE_XCODE\"\n";
		};
		00EEFC60759A1932668264C0 /* [CP] Embed Pods Frameworks */ = {
			isa = PBXShellScriptBuildPhase;
			buildActionMask = 2147483647;
			files = (
			);
			inputFileListPaths = (
				"${PODS_ROOT}/Target Support Files/Pods-Healto/Pods-Healto-frameworks-${CONFIGURATION}-input-files.xcfilelist",
			);
			name = "[CP] Embed Pods Frameworks";
			outputFileListPaths = (
				"${PODS_ROOT}/Target Support Files/Pods-Healto/Pods-Healto-frameworks-${CONFIGURATION}-output-files.xcfilelist",
			);
			runOnlyForDeploymentPostprocessing = 0;
			shellPath = /bin/sh;
			shellScript = "\"${PODS_ROOT}/Target Support Files/Pods-Healto/Pods-Healto-frameworks.sh\"\n";
			showEnvVarsInLog = 0;
		};
		C38B50BA6285516D6DCD4F65 /* [CP] Check Pods Manifest.lock */ = {
			isa = PBXShellScriptBuildPhase;
			buildActionMask = 2147483647;
			files = (
			);
			inputFileListPaths = (
			);
			inputPaths = (
				"${PODS_PODFILE_DIR_PATH}/Podfile.lock",
				"${PODS_ROOT}/Manifest.lock",
			);
			name = "[CP] Check Pods Manifest.lock";
			outputFileListPaths = (
			);
			outputPaths = (
				"$(DERIVED_FILE_DIR)/Pods-Healto-checkManifestLockResult.txt",
			);
			runOnlyForDeploymentPostprocessing = 0;
			shellPath = /bin/sh;
			shellScript = "diff \"${PODS_PODFILE_DIR_PATH}/Podfile.lock\" \"${PODS_ROOT}/Manifest.lock\" > /dev/null\nif [ $? != 0 ] ; then\n    # print error to STDERR\n    echo \"error: The sandbox is not in sync with the Podfile.lock. Run 'pod install' or update your CocoaPods installation.\" >&2\n    exit 1\nfi\n# This output is used by Xcode 'outputs' to avoid re-running this script phase.\necho \"SUCCESS\" > \"${SCRIPT_OUTPUT_FILE_0}\"\n";
			showEnvVarsInLog = 0;
		};
		E235C05ADACE081382539298 /* [CP] Copy Pods Resources */ = {
			isa = PBXShellScriptBuildPhase;
			buildActionMask = 2147483647;
			files = (
			);
			inputFileListPaths = (
				"${PODS_ROOT}/Target Support Files/Pods-Healto/Pods-Healto-resources-${CONFIGURATION}-input-files.xcfilelist",
			);
			name = "[CP] Copy Pods Resources";
			outputFileListPaths = (
				"${PODS_ROOT}/Target Support Files/Pods-Healto/Pods-Healto-resources-${CONFIGURATION}-output-files.xcfilelist",
			);
			runOnlyForDeploymentPostprocessing = 0;
			shellPath = /bin/sh;
			shellScript = "\"${PODS_ROOT}/Target Support Files/Pods-Healto/Pods-Healto-resources.sh\"\n";
			showEnvVarsInLog = 0;
		};
/* End PBXShellScriptBuildPhase section */

/* Begin PBXSourcesBuildPhase section */
		13B07F871A680F5B00A75B9A /* Sources */ = {
			isa = PBXSourcesBuildPhase;
			buildActionMask = 2147483647;
			files = (
				761780ED2CA45674006654EE /* AppDelegate.swift in Sources */,
			);
			runOnlyForDeploymentPostprocessing = 0;
		};
/* End PBXSourcesBuildPhase section */

/* Begin XCBuildConfiguration section */
		13B07F941A680F5B00A75B9A /* Debug */ = {
			isa = XCBuildConfiguration;
			baseConfigurationReference = 3B4392A12AC88292D35C810B /* Pods-Healto.debug.xcconfig */;
			buildSettings = {
				ASSETCATALOG_COMPILER_APPICON_NAME = AppIcon;
				CLANG_ENABLE_MODULES = YES;
				CURRENT_PROJECT_VERSION = 1;
				ENABLE_BITCODE = NO;
				INFOPLIST_FILE = Healto/Info.plist;
				IPHONEOS_DEPLOYMENT_TARGET = 15.1;
				LD_RUNPATH_SEARCH_PATHS = (
					"$(inherited)",
					"@executable_path/Frameworks",
				);
				MARKETING_VERSION = 1.0;
				OTHER_LDFLAGS = (
					"$(inherited)",
					"-ObjC",
					"-lc++",
				);
				PRODUCT_BUNDLE_IDENTIFIER = "com.healto.doctor";
				PRODUCT_NAME = Healto;
				SWIFT_OPTIMIZATION_LEVEL = "-Onone";
				SWIFT_VERSION = 5.0;
				VERSIONING_SYSTEM = "apple-generic";
			};
			name = Debug;
		};
		13B07F951A680F5B00A75B9A /* Release */ = {
			isa = XCBuildConfiguration;
			baseConfigurationReference = 5709B34CF0A7D63546082F79 /* Pods-Healto.release.xcconfig */;
			buildSettings = {
				ASSETCATALOG_COMPILER_APPICON_NAME = AppIcon;
				CLANG_ENABLE_MODULES = YES;
				CURRENT_PROJECT_VERSION = 1;
				INFOPLIST_FILE = Healto/Info.plist;
				IPHONEOS_DEPLOYMENT_TARGET = 15.1;
				LD_RUNPATH_SEARCH_PATHS = (
					"$(inherited)",
					"@executable_path/Frameworks",
				);
				MARKETING_VERSION = 1.0;
				OTHER_LDFLAGS = (
					"$(inherited)",
					"-ObjC",
					"-lc++",
				);
				PRODUCT_BUNDLE_IDENTIFIER = "com.healto.doctor";
				PRODUCT_NAME = Healto;
				SWIFT_VERSION = 5.0;
				VERSIONING_SYSTEM = "apple-generic";
			};
			name = Release;
		};
		83CBBA201A601CBA00E9B192 /* Debug */ = {
			isa = XCBuildConfiguration;
			buildSettings = {
				ALWAYS_SEARCH_USER_PATHS = NO;
				CLANG_ANALYZER_LOCALIZABILITY_NONLOCALIZED = YES;
				CLANG_CXX_LANGUAGE_STANDARD = "c++20";
				CLANG_CXX_LIBRARY = "libc++";
				CLANG_ENABLE_MODULES = YES;
				CLANG_ENABLE_OBJC_ARC = YES;
				CLANG_WARN_BLOCK_CAPTURE_AUTORELEASING = YES;
				CLANG_WARN_BOOL_CONVERSION = YES;
				CLANG_WARN_COMMA = YES;
				CLANG_WARN_CONSTANT_CONVERSION = YES;
				CLANG_WARN_DEPRECATED_OBJC_IMPLEMENTATIONS = YES;
				CLANG_WARN_DIRECT_OBJC_ISA_USAGE = YES_ERROR;
				CLANG_WARN_EMPTY_BODY = YES;
				CLANG_WARN_ENUM_CONVERSION = YES;
				CLANG_WARN_INFINITE_RECURSION = YES;
				CLANG_WARN_INT_CONVERSION = YES;
				CLANG_WARN_NON_LITERAL_NULL_CONVERSION = YES;
				CLANG_WARN_OBJC_IMPLICIT_RETAIN_SELF = YES;
				CLANG_WARN_OBJC_LITERAL_CONVERSION = YES;
				CLANG_WARN_OBJC_ROOT_CLASS = YES_ERROR;
				CLANG_WARN_QUOTED_INCLUDE_IN_FRAMEWORK_HEADER = YES;
				CLANG_WARN_RANGE_LOOP_ANALYSIS = YES;
				CLANG_WARN_STRICT_PROTOTYPES = YES;
				CLANG_WARN_SUSPICIOUS_MOVE = YES;
				CLANG_WARN_UNREACHABLE_CODE = YES;
				CLANG_WARN__DUPLICATE_METHOD_MATCH = YES;
				"CODE_SIGN_IDENTITY[sdk=iphoneos*]" = "iPhone Developer";
				COPY_PHASE_STRIP = NO;
				ENABLE_STRICT_OBJC_MSGSEND = YES;
				ENABLE_TESTABILITY = YES;
				"EXCLUDED_ARCHS[sdk=iphonesimulator*]" = "";
				GCC_C_LANGUAGE_STANDARD = gnu99;
				GCC_DYNAMIC_NO_PIC = NO;
				GCC_NO_COMMON_BLOCKS = YES;
				GCC_OPTIMIZATION_LEVEL = 0;
				GCC_PREPROCESSOR_DEFINITIONS = (
					"DEBUG=1",
					"$(inherited)",
				);
				GCC_SYMBOLS_PRIVATE_EXTERN = NO;
				GCC_WARN_64_TO_32_BIT_CONVERSION = YES;
				GCC_WARN_ABOUT_RETURN_TYPE = YES_ERROR;
				GCC_WARN_UNDECLARED_SELECTOR = YES;
				GCC_WARN_UNINITIALIZED_AUTOS = YES_AGGRESSIVE;
				GCC_WARN_UNUSED_FUNCTION = YES;
				GCC_WARN_UNUSED_VARIABLE = YES;
				IPHONEOS_DEPLOYMENT_TARGET = 15.1;
				LD_RUNPATH_SEARCH_PATHS = (
					/usr/lib/swift,
					"$(inherited)",
				);
				LIBRARY_SEARCH_PATHS = (
					"\"$(SDKROOT)/usr/lib/swift\"",
					"\"$(TOOLCHAIN_DIR)/usr/lib/swift/$(PLATFORM_NAME)\"",
					"\"$(inherited)\"",
				);
				MTL_ENABLE_DEBUG_INFO = YES;
				ONLY_ACTIVE_ARCH = YES;
				OTHER_CPLUSPLUSFLAGS = (
					"$(OTHER_CFLAGS)",
					"-DFOLLY_NO_CONFIG",
					"-DFOLLY_MOBILE=1",
					"-DFOLLY_USE_LIBCPP=1",
					"-DFOLLY_CFG_NO_COROUTINES=1",
					"-DFOLLY_HAVE_CLOCK_GETTIME=1",
				);
				REACT_NATIVE_PATH = "${PODS_ROOT}/../../node_modules/react-native";
				SDKROOT = iphoneos;
				SWIFT_ACTIVE_COMPILATION_CONDITIONS = "$(inherited) DEBUG";
				USE_HERMES = true;
			};
			name = Debug;
		};
		83CBBA211A601CBA00E9B192 /* Release */ = {
			isa = XCBuildConfiguration;
			buildSettings = {
				ALWAYS_SEARCH_USER_PATHS = NO;
				CLANG_ANALYZER_LOCALIZABILITY_NONLOCALIZED = YES;
				CLANG_CXX_LANGUAGE_STANDARD = "c++20";
				CLANG_CXX_LIBRARY = "libc++";
				CLANG_ENABLE_MODULES = YES;
				CLANG_ENABLE_OBJC_ARC = YES;
				CLANG_WARN_BLOCK_CAPTURE_AUTORELEASING = YES;
				CLANG_WARN_BOOL_CONVERSION = YES;
				CLANG_WARN_COMMA = YES;
				CLANG_WARN_CONSTANT_CONVERSION = YES;
				CLANG_WARN_DEPRECATED_OBJC_IMPLEMENTATIONS = YES;
				CLANG_WARN_DIRECT_OBJC_ISA_USAGE = YES_ERROR;
				CLANG_WARN_EMPTY_BODY = YES;
				CLANG_WARN_ENUM_CONVERSION = YES;
				CLANG_WARN_INFINITE_RECURSION = YES;
				CLANG_WARN_INT_CONVERSION = YES;
				CLANG_WARN_NON_LITERAL_NULL_CONVERSION = YES;
				CLANG_WARN_OBJC_IMPLICIT_RETAIN_SELF = YES;
				CLANG_WARN_OBJC_LITERAL_CONVERSION = YES;
				CLANG_WARN_OBJC_ROOT_CLASS = YES_ERROR;
				CLANG_WARN_QUOTED_INCLUDE_IN_FRAMEWORK_HEADER = YES;
				CLANG_WARN_RANGE_LOOP_ANALYSIS = YES;
				CLANG_WARN_STRICT_PROTOTYPES = YES;
				CLANG_WARN_SUSPICIOUS_MOVE = YES;
				CLANG_WARN_UNREACHABLE_CODE = YES;
				CLANG_WARN__DUPLICATE_METHOD_MATCH = YES;
				"CODE_SIGN_IDENTITY[sdk=iphoneos*]" = "iPhone Developer";
				COPY_PHASE_STRIP = YES;
				ENABLE_NS_ASSERTIONS = NO;
				ENABLE_STRICT_OBJC_MSGSEND = YES;
				"EXCLUDED_ARCHS[sdk=iphonesimulator*]" = "";
				GCC_C_LANGUAGE_STANDARD = gnu99;
				GCC_NO_COMMON_BLOCKS = YES;
				GCC_WARN_64_TO_32_BIT_CONVERSION = YES;
				GCC_WARN_ABOUT_RETURN_TYPE = YES_ERROR;
				GCC_WARN_UNDECLARED_SELECTOR = YES;
				GCC_WARN_UNINITIALIZED_AUTOS = YES_AGGRESSIVE;
				GCC_WARN_UNUSED_FUNCTION = YES;
				GCC_WARN_UNUSED_VARIABLE = YES;
				IPHONEOS_DEPLOYMENT_TARGET = 15.1;
				LD_RUNPATH_SEARCH_PATHS = (
					/usr/lib/swift,
					"$(inherited)",
				);
				LIBRARY_SEARCH_PATHS = (
					"\"$(SDKROOT)/usr/lib/swift\"",
					"\"$(TOOLCHAIN_DIR)/usr/lib/swift/$(PLATFORM_NAME)\"",
					"\"$(inherited)\"",
				);
				MTL_ENABLE_DEBUG_INFO = NO;
				OTHER_CPLUSPLUSFLAGS = (
					"$(OTHER_CFLAGS)",
					"-DFOLLY_NO_CONFIG",
					"-DFOLLY_MOBILE=1",
					"-DFOLLY_USE_LIBCPP=1",
					"-DFOLLY_CFG_NO_COROUTINES=1",
					"-DFOLLY_HAVE_CLOCK_GETTIME=1",
				);
				REACT_NATIVE_PATH = "${PODS_ROOT}/../../node_modules/react-native";
				SDKROOT = iphoneos;
				USE_HERMES = true;
				VALIDATE_PRODUCT = YES;
			};
			name = Release;
		};
/* End XCBuildConfiguration section */

/* Begin XCConfigurationList section */
		13B07F931A680F5B00A75B9A /* Build configuration list for PBXNativeTarget "Healto" */ = {
			isa = XCConfigurationList;
			buildConfigurations = (
				13B07F941A680F5B00A75B9A /* Debug */,
				13B07F951A680F5B00A75B9A /* Release */,
			);
			defaultConfigurationIsVisible = 0;
			defaultConfigurationName = Release;
		};
		83CBB9FA1A601CBA00E9B192 /* Build configuration list for PBXProject "Healto" */ = {
			isa = XCConfigurationList;
			buildConfigurations = (
				83CBBA201A601CBA00E9B192 /* Debug */,
				83CBBA211A601CBA00E9B192 /* Release */,
			);
			defaultConfigurationIsVisible = 0;
			defaultConfigurationName = Release;
		};
/* End XCConfigurationList section */
	};
	rootObject = 83CBB9F71A601CBA00E9B192 /* Project object */;
}
